// !$*UTF8*$!
{
	archiveVersion = 1;
	classes = {
	};
	objectVersion = 48;
	objects = {

/* Begin PBXBuildFile section */
		E082EB5A20349B8300F92019 /* AppDelegate.swift in Sources */ = {isa = PBXBuildFile; fileRef = E082EB5920349B8300F92019 /* AppDelegate.swift */; };
		E0A4B039203465BC00BCAB47 /* Main.storyboard in Resources */ = {isa = PBXBuildFile; fileRef = E0A4B037203465BC00BCAB47 /* Main.storyboard */; };
		E0A4B03B203465BC00BCAB47 /* Assets.xcassets in Resources */ = {isa = PBXBuildFile; fileRef = E0A4B03A203465BC00BCAB47 /* Assets.xcassets */; };
		E0A4B03E203465BC00BCAB47 /* LaunchScreen.storyboard in Resources */ = {isa = PBXBuildFile; fileRef = E0A4B03C203465BC00BCAB47 /* LaunchScreen.storyboard */; };
		E0A4B0462034660100BCAB47 /* XMLParser.swift in Sources */ = {isa = PBXBuildFile; fileRef = E0A4B0452034660100BCAB47 /* XMLParser.swift */; };
		E0A4B048203471E800BCAB47 /* NewsTableViewController.swift in Sources */ = {isa = PBXBuildFile; fileRef = E0A4B047203471E800BCAB47 /* NewsTableViewController.swift */; };
		E0A4B04A2034741900BCAB47 /* NEWSTableViewCell.swift in Sources */ = {isa = PBXBuildFile; fileRef = E0A4B0492034741900BCAB47 /* NEWSTableViewCell.swift */; };
		E0A4B04C2034991300BCAB47 /* Simulator Screen Shot - iPhone 6 - 2018-02-14 at 08.17.11.png in Resources */ = {isa = PBXBuildFile; fileRef = E0A4B04B2034991100BCAB47 /* Simulator Screen Shot - iPhone 6 - 2018-02-14 at 08.17.11.png */; };
		E0A4B0502034991F00BCAB47 /* Simulator Screen Shot - iPhone 6 - 2018-02-14 at 08.17.59.png in Resources */ = {isa = PBXBuildFile; fileRef = E0A4B04D2034991D00BCAB47 /* Simulator Screen Shot - iPhone 6 - 2018-02-14 at 08.17.59.png */; };
		E0A4B0512034991F00BCAB47 /* Simulator Screen Shot - iPhone 6 - 2018-02-14 at 08.18.08.png in Resources */ = {isa = PBXBuildFile; fileRef = E0A4B04E2034991E00BCAB47 /* Simulator Screen Shot - iPhone 6 - 2018-02-14 at 08.18.08.png */; };
		E0A4B0522034991F00BCAB47 /* Simulator Screen Shot - iPhone 6 - 2018-02-14 at 08.17.35.png in Resources */ = {isa = PBXBuildFile; fileRef = E0A4B04F2034991E00BCAB47 /* Simulator Screen Shot - iPhone 6 - 2018-02-14 at 08.17.35.png */; };
/* End PBXBuildFile section */

/* Begin PBXFileReference section */
		E082EB5920349B8300F92019 /* AppDelegate.swift */ = {isa = PBXFileReference; fileEncoding = 4; lastKnownFileType = sourcecode.swift; name = AppDelegate.swift; path = ../../../whether_JSON_Rest_Api/whether_JSON_Rest_Api/AppDelegate.swift; sourceTree = "<group>"; };
		E0A4B030203465BC00BCAB47 /* XMLParsingTableViewController.app */ = {isa = PBXFileReference; explicitFileType = wrapper.application; includeInIndex = 0; path = XMLParsingTableViewController.app; sourceTree = BUILT_PRODUCTS_DIR; };
		E0A4B038203465BC00BCAB47 /* Base */ = {isa = PBXFileReference; lastKnownFileType = file.storyboard; name = Base; path = Base.lproj/Main.storyboard; sourceTree = "<group>"; };
		E0A4B03A203465BC00BCAB47 /* Assets.xcassets */ = {isa = PBXFileReference; lastKnownFileType = folder.assetcatalog; path = Assets.xcassets; sourceTree = "<group>"; };
		E0A4B03D203465BC00BCAB47 /* Base */ = {isa = PBXFileReference; lastKnownFileType = file.storyboard; name = Base; path = Base.lproj/LaunchScreen.storyboard; sourceTree = "<group>"; };
		E0A4B03F203465BC00BCAB47 /* Info.plist */ = {isa = PBXFileReference; lastKnownFileType = text.plist.xml; path = Info.plist; sourceTree = "<group>"; };
		E0A4B0452034660100BCAB47 /* XMLParser.swift */ = {isa = PBXFileReference; lastKnownFileType = sourcecode.swift; path = XMLParser.swift; sourceTree = "<group>"; };
		E0A4B047203471E800BCAB47 /* NewsTableViewController.swift */ = {isa = PBXFileReference; lastKnownFileType = sourcecode.swift; path = NewsTableViewController.swift; sourceTree = "<group>"; };
		E0A4B0492034741900BCAB47 /* NEWSTableViewCell.swift */ = {isa = PBXFileReference; lastKnownFileType = sourcecode.swift; path = NEWSTableViewCell.swift; sourceTree = "<group>"; };
		E0A4B04B2034991100BCAB47 /* Simulator Screen Shot - iPhone 6 - 2018-02-14 at 08.17.11.png */ = {isa = PBXFileReference; lastKnownFileType = image.png; path = "Simulator Screen Shot - iPhone 6 - 2018-02-14 at 08.17.11.png"; sourceTree = "<group>"; };
		E0A4B04D2034991D00BCAB47 /* Simulator Screen Shot - iPhone 6 - 2018-02-14 at 08.17.59.png */ = {isa = PBXFileReference; lastKnownFileType = image.png; path = "Simulator Screen Shot - iPhone 6 - 2018-02-14 at 08.17.59.png"; sourceTree = "<group>"; };
		E0A4B04E2034991E00BCAB47 /* Simulator Screen Shot - iPhone 6 - 2018-02-14 at 08.18.08.png */ = {isa = PBXFileReference; lastKnownFileType = image.png; path = "Simulator Screen Shot - iPhone 6 - 2018-02-14 at 08.18.08.png"; sourceTree = "<group>"; };
		E0A4B04F2034991E00BCAB47 /* Simulator Screen Shot - iPhone 6 - 2018-02-14 at 08.17.35.png */ = {isa = PBXFileReference; lastKnownFileType = image.png; path = "Simulator Screen Shot - iPhone 6 - 2018-02-14 at 08.17.35.png"; sourceTree = "<group>"; };
/* End PBXFileReference section */

/* Begin PBXFrameworksBuildPhase section */
		E0A4B02D203465BC00BCAB47 /* Frameworks */ = {
			isa = PBXFrameworksBuildPhase;
			buildActionMask = 2147483647;
			files = (
			);
			runOnlyForDeploymentPostprocessing = 0;
		};
/* End PBXFrameworksBuildPhase section */

/* Begin PBXGroup section */
		E0A4B027203465BB00BCAB47 = {
			isa = PBXGroup;
			children = (
				E0A4B032203465BC00BCAB47 /* XMLParsingTableViewController */,
				E0A4B031203465BC00BCAB47 /* Products */,
			);
			sourceTree = "<group>";
		};
		E0A4B031203465BC00BCAB47 /* Products */ = {
			isa = PBXGroup;
			children = (
				E0A4B030203465BC00BCAB47 /* XMLParsingTableViewController.app */,
			);
			name = Products;
			sourceTree = "<group>";
		};
		E0A4B032203465BC00BCAB47 /* XMLParsingTableViewController */ = {
			isa = PBXGroup;
			children = (
				E0A4B0532034994100BCAB47 /* ScreenShots */,
				E0A4B057203499D300BCAB47 /* OtherStuffs */,
				E0A4B03F203465BC00BCAB47 /* Info.plist */,
				E0A4B0542034995B00BCAB47 /* Model */,
				E0A4B0562034999F00BCAB47 /* Controller */,
				E0A4B0552034998D00BCAB47 /* Views */,
			);
			path = XMLParsingTableViewController;
			sourceTree = "<group>";
		};
		E0A4B0532034994100BCAB47 /* ScreenShots */ = {
			isa = PBXGroup;
			children = (
				E0A4B04F2034991E00BCAB47 /* Simulator Screen Shot - iPhone 6 - 2018-02-14 at 08.17.35.png */,
				E0A4B04D2034991D00BCAB47 /* Simulator Screen Shot - iPhone 6 - 2018-02-14 at 08.17.59.png */,
				E0A4B04E2034991E00BCAB47 /* Simulator Screen Shot - iPhone 6 - 2018-02-14 at 08.18.08.png */,
				E0A4B04B2034991100BCAB47 /* Simulator Screen Shot - iPhone 6 - 2018-02-14 at 08.17.11.png */,
			);
			path = ScreenShots;
			sourceTree = "<group>";
		};
		E0A4B0542034995B00BCAB47 /* Model */ = {
			isa = PBXGroup;
			children = (
				E0A4B0452034660100BCAB47 /* XMLParser.swift */,
			);
			path = Model;
			sourceTree = "<group>";
		};
		E0A4B0552034998D00BCAB47 /* Views */ = {
			isa = PBXGroup;
			children = (
				E0A4B037203465BC00BCAB47 /* Main.storyboard */,
				E0A4B0492034741900BCAB47 /* NEWSTableViewCell.swift */,
			);
			path = Views;
			sourceTree = "<group>";
		};
		E0A4B0562034999F00BCAB47 /* Controller */ = {
			isa = PBXGroup;
			children = (
				E0A4B047203471E800BCAB47 /* NewsTableViewController.swift */,
			);
			path = Controller;
			sourceTree = "<group>";
		};
		E0A4B057203499D300BCAB47 /* OtherStuffs */ = {
			isa = PBXGroup;
			children = (
				E082EB5920349B8300F92019 /* AppDelegate.swift */,
				E0A4B03A203465BC00BCAB47 /* Assets.xcassets */,
				E0A4B03C203465BC00BCAB47 /* LaunchScreen.storyboard */,
			);
			path = OtherStuffs;
			sourceTree = "<group>";
		};
/* End PBXGroup section */

/* Begin PBXNativeTarget section */
		E0A4B02F203465BC00BCAB47 /* XMLParsingTableViewController */ = {
			isa = PBXNativeTarget;
			buildConfigurationList = E0A4B042203465BC00BCAB47 /* Build configuration list for PBXNativeTarget "XMLParsingTableViewController" */;
			buildPhases = (
				E0A4B02C203465BC00BCAB47 /* Sources */,
				E0A4B02D203465BC00BCAB47 /* Frameworks */,
				E0A4B02E203465BC00BCAB47 /* Resources */,
			);
			buildRules = (
			);
			dependencies = (
			);
			name = XMLParsingTableViewController;
			productName = XMLParsingTableViewController;
			productReference = E0A4B030203465BC00BCAB47 /* XMLParsingTableViewController.app */;
			productType = "com.apple.product-type.application";
		};
/* End PBXNativeTarget section */

/* Begin PBXProject section */
		E0A4B028203465BB00BCAB47 /* Project object */ = {
			isa = PBXProject;
			attributes = {
				LastSwiftUpdateCheck = 0920;
				LastUpgradeCheck = 0920;
				ORGANIZATIONNAME = andiosdev;
				TargetAttributes = {
					E0A4B02F203465BC00BCAB47 = {
						CreatedOnToolsVersion = 9.2;
						ProvisioningStyle = Automatic;
					};
				};
			};
			buildConfigurationList = E0A4B02B203465BB00BCAB47 /* Build configuration list for PBXProject "XMLParsingTableViewController" */;
			compatibilityVersion = "Xcode 8.0";
			developmentRegion = en;
			hasScannedForEncodings = 0;
			knownRegions = (
				en,
				Base,
			);
			mainGroup = E0A4B027203465BB00BCAB47;
			productRefGroup = E0A4B031203465BC00BCAB47 /* Products */;
			projectDirPath = "";
			projectRoot = "";
			targets = (
				E0A4B02F203465BC00BCAB47 /* XMLParsingTableViewController */,
			);
		};
/* End PBXProject section */

/* Begin PBXResourcesBuildPhase section */
		E0A4B02E203465BC00BCAB47 /* Resources */ = {
			isa = PBXResourcesBuildPhase;
			buildActionMask = 2147483647;
			files = (
				E0A4B04C2034991300BCAB47 /* Simulator Screen Shot - iPhone 6 - 2018-02-14 at 08.17.11.png in Resources */,
				E0A4B0512034991F00BCAB47 /* Simulator Screen Shot - iPhone 6 - 2018-02-14 at 08.18.08.png in Resources */,
				E0A4B0522034991F00BCAB47 /* Simulator Screen Shot - iPhone 6 - 2018-02-14 at 08.17.35.png in Resources */,
				E0A4B03E203465BC00BCAB47 /* LaunchScreen.storyboard in Resources */,
				E0A4B03B203465BC00BCAB47 /* Assets.xcassets in Resources */,
				E0A4B0502034991F00BCAB47 /* Simulator Screen Shot - iPhone 6 - 2018-02-14 at 08.17.59.png in Resources */,
				E0A4B039203465BC00BCAB47 /* Main.storyboard in Resources */,
			);
			runOnlyForDeploymentPostprocessing = 0;
		};
/* End PBXResourcesBuildPhase section */

/* Begin PBXSourcesBuildPhase section */
		E0A4B02C203465BC00BCAB47 /* Sources */ = {
			isa = PBXSourcesBuildPhase;
			buildActionMask = 2147483647;
			files = (
				E0A4B048203471E800BCAB47 /* NewsTableViewController.swift in Sources */,
				E0A4B04A2034741900BCAB47 /* NEWSTableViewCell.swift in Sources */,
				E082EB5A20349B8300F92019 /* AppDelegate.swift in Sources */,
				E0A4B0462034660100BCAB47 /* XMLParser.swift in Sources */,
			);
			runOnlyForDeploymentPostprocessing = 0;
		};
/* End PBXSourcesBuildPhase section */

/* Begin PBXVariantGroup section */
		E0A4B037203465BC00BCAB47 /* Main.storyboard */ = {
			isa = PBXVariantGroup;
			children = (
				E0A4B038203465BC00BCAB47 /* Base */,
			);
			name = Main.storyboard;
			sourceTree = "<group>";
		};
		E0A4B03C203465BC00BCAB47 /* LaunchScreen.storyboard */ = {
			isa = PBXVariantGroup;
			children = (
				E0A4B03D203465BC00BCAB47 /* Base */,
			);
			name = LaunchScreen.storyboard;
			path = ..;
			sourceTree = "<group>";
		};
/* End PBXVariantGroup section */

/* Begin XCBuildConfiguration section */
		E0A4B040203465BC00BCAB47 /* Debug */ = {
			isa = XCBuildConfiguration;
			buildSettings = {
				ALWAYS_SEARCH_USER_PATHS = NO;
				CLANG_ANALYZER_NONNULL = YES;
				CLANG_ANALYZER_NUMBER_OBJECT_CONVERSION = YES_AGGRESSIVE;
				CLANG_CXX_LANGUAGE_STANDARD = "gnu++14";
				CLANG_CXX_LIBRARY = "libc++";
				CLANG_ENABLE_MODULES = YES;
				CLANG_ENABLE_OBJC_ARC = YES;
				CLANG_WARN_BLOCK_CAPTURE_AUTORELEASING = YES;
				CLANG_WARN_BOOL_CONVERSION = YES;
				CLANG_WARN_COMMA = YES;
				CLANG_WARN_CONSTANT_CONVERSION = YES;
				CLANG_WARN_DIRECT_OBJC_ISA_USAGE = YES_ERROR;
				CLANG_WARN_DOCUMENTATION_COMMENTS = YES;
				CLANG_WARN_EMPTY_BODY = YES;
				CLANG_WARN_ENUM_CONVERSION = YES;
				CLANG_WARN_INFINITE_RECURSION = YES;
				CLANG_WARN_INT_CONVERSION = YES;
				CLANG_WARN_NON_LITERAL_NULL_CONVERSION = YES;
				CLANG_WARN_OBJC_LITERAL_CONVERSION = YES;
				CLANG_WARN_OBJC_ROOT_CLASS = YES_ERROR;
				CLANG_WARN_RANGE_LOOP_ANALYSIS = YES;
				CLANG_WARN_STRICT_PROTOTYPES = YES;
				CLANG_WARN_SUSPICIOUS_MOVE = YES;
				CLANG_WARN_UNGUARDED_AVAILABILITY = YES_AGGRESSIVE;
				CLANG_WARN_UNREACHABLE_CODE = YES;
				CLANG_WARN__DUPLICATE_METHOD_MATCH = YES;
				CODE_SIGN_IDENTITY = "iPhone Developer";
				COPY_PHASE_STRIP = NO;
				DEBUG_INFORMATION_FORMAT = dwarf;
				ENABLE_STRICT_OBJC_MSGSEND = YES;
				ENABLE_TESTABILITY = YES;
				GCC_C_LANGUAGE_STANDARD = gnu11;
				GCC_DYNAMIC_NO_PIC = NO;
				GCC_NO_COMMON_BLOCKS = YES;
				GCC_OPTIMIZATION_LEVEL = 0;
				GCC_PREPROCESSOR_DEFINITIONS = (
					"DEBUG=1",
					"$(inherited)",
				);
				GCC_WARN_64_TO_32_BIT_CONVERSION = YES;
				GCC_WARN_ABOUT_RETURN_TYPE = YES_ERROR;
				GCC_WARN_UNDECLARED_SELECTOR = YES;
				GCC_WARN_UNINITIALIZED_AUTOS = YES_AGGRESSIVE;
				GCC_WARN_UNUSED_FUNCTION = YES;
				GCC_WARN_UNUSED_VARIABLE = YES;
				IPHONEOS_DEPLOYMENT_TARGET = 11.2;
				MTL_ENABLE_DEBUG_INFO = YES;
				ONLY_ACTIVE_ARCH = YES;
				SDKROOT = iphoneos;
				SWIFT_ACTIVE_COMPILATION_CONDITIONS = DEBUG;
				SWIFT_OPTIMIZATION_LEVEL = "-Onone";
			};
			name = Debug;
		};
		E0A4B041203465BC00BCAB47 /* Release */ = {
			isa = XCBuildConfiguration;
			buildSettings = {
				ALWAYS_SEARCH_USER_PATHS = NO;
				CLANG_ANALYZER_NONNULL = YES;
				CLANG_ANALYZER_NUMBER_OBJECT_CONVERSION = YES_AGGRESSIVE;
				CLANG_CXX_LANGUAGE_STANDARD = "gnu++14";
				CLANG_CXX_LIBRARY = "libc++";
				CLANG_ENABLE_MODULES = YES;
				CLANG_ENABLE_OBJC_ARC = YES;
				CLANG_WARN_BLOCK_CAPTURE_AUTORELEASING = YES;
				CLANG_WARN_BOOL_CONVERSION = YES;
				CLANG_WARN_COMMA = YES;
				CLANG_WARN_CONSTANT_CONVERSION = YES;
				CLANG_WARN_DIRECT_OBJC_ISA_USAGE = YES_ERROR;
				CLANG_WARN_DOCUMENTATION_COMMENTS = YES;
				CLANG_WARN_EMPTY_BODY = YES;
				CLANG_WARN_ENUM_CONVERSION = YES;
				CLANG_WARN_INFINITE_RECURSION = YES;
				CLANG_WARN_INT_CONVERSION = YES;
				CLANG_WARN_NON_LITERAL_NULL_CONVERSION = YES;
				CLANG_WARN_OBJC_LITERAL_CONVERSION = YES;
				CLANG_WARN_OBJC_ROOT_CLASS = YES_ERROR;
				CLANG_WARN_RANGE_LOOP_ANALYSIS = YES;
				CLANG_WARN_STRICT_PROTOTYPES = YES;
				CLANG_WARN_SUSPICIOUS_MOVE = YES;
				CLANG_WARN_UNGUARDED_AVAILABILITY = YES_AGGRESSIVE;
				CLANG_WARN_UNREACHABLE_CODE = YES;
				CLANG_WARN__DUPLICATE_METHOD_MATCH = YES;
				CODE_SIGN_IDENTITY = "iPhone Developer";
				COPY_PHASE_STRIP = NO;
				DEBUG_INFORMATION_FORMAT = "dwarf-with-dsym";
				ENABLE_NS_ASSERTIONS = NO;
				ENABLE_STRICT_OBJC_MSGSEND = YES;
				GCC_C_LANGUAGE_STANDARD = gnu11;
				GCC_NO_COMMON_BLOCKS = YES;
				GCC_WARN_64_TO_32_BIT_CONVERSION = YES;
				GCC_WARN_ABOUT_RETURN_TYPE = YES_ERROR;
				GCC_WARN_UNDECLARED_SELECTOR = YES;
				GCC_WARN_UNINITIALIZED_AUTOS = YES_AGGRESSIVE;
				GCC_WARN_UNUSED_FUNCTION = YES;
				GCC_WARN_UNUSED_VARIABLE = YES;
				IPHONEOS_DEPLOYMENT_TARGET = 11.2;
				MTL_ENABLE_DEBUG_INFO = NO;
				SDKROOT = iphoneos;
				SWIFT_OPTIMIZATION_LEVEL = "-Owholemodule";
				VALIDATE_PRODUCT = YES;
			};
			name = Release;
		};
		E0A4B043203465BC00BCAB47 /* Debug */ = {
			isa = XCBuildConfiguration;
			buildSettings = {
				ASSETCATALOG_COMPILER_APPICON_NAME = AppIcon;
				CODE_SIGN_STYLE = Automatic;
				INFOPLIST_FILE = XMLParsingTableViewController/Info.plist;
				LD_RUNPATH_SEARCH_PATHS = "$(inherited) @executable_path/Frameworks";
				PRODUCT_BUNDLE_IDENTIFIER = com.hpIos.XMLParsingTableViewController;
				PRODUCT_NAME = "$(TARGET_NAME)";
				SWIFT_VERSION = 4.0;
				TARGETED_DEVICE_FAMILY = "1,2";
			};
			name = Debug;
		};
		E0A4B044203465BC00BCAB47 /* Release */ = {
			isa = XCBuildConfiguration;
			buildSettings = {
				ASSETCATALOG_COMPILER_APPICON_NAME = AppIcon;
				CODE_SIGN_STYLE = Automatic;
				INFOPLIST_FILE = XMLParsingTableViewController/Info.plist;
				LD_RUNPATH_SEARCH_PATHS = "$(inherited) @executable_path/Frameworks";
				PRODUCT_BUNDLE_IDENTIFIER = com.hpIos.XMLParsingTableViewController;
				PRODUCT_NAME = "$(TARGET_NAME)";
				SWIFT_VERSION = 4.0;
				TARGETED_DEVICE_FAMILY = "1,2";
			};
			name = Release;
		};
/* End XCBuildConfiguration section */

/* Begin XCConfigurationList section */
		E0A4B02B203465BB00BCAB47 /* Build configuration list for PBXProject "XMLParsingTableViewController" */ = {
			isa = XCConfigurationList;
			buildConfigurations = (
				E0A4B040203465BC00BCAB47 /* Debug */,
				E0A4B041203465BC00BCAB47 /* Release */,
			);
			defaultConfigurationIsVisible = 0;
			defaultConfigurationName = Release;
		};
		E0A4B042203465BC00BCAB47 /* Build configuration list for PBXNativeTarget "XMLParsingTableViewController" */ = {
			isa = XCConfigurationList;
			buildConfigurations = (
				E0A4B043203465BC00BCAB47 /* Debug */,
				E0A4B044203465BC00BCAB47 /* Release */,
			);
			defaultConfigurationIsVisible = 0;
			defaultConfigurationName = Release;
		};
/* End XCConfigurationList section */
	};
	rootObject = E0A4B028203465BB00BCAB47 /* Project object */;
}
